
Microsoft Visual Studio Solution File, Format Version 12.00
# Visual Studio Version 17
VisualStudioVersion = 17.7.34202.233
MinimumVisualStudioVersion = 10.0.40219.1
Project("{FAE04EC0-301F-11D3-BF4B-00C04F79EFBC}") = "WPFprojekt", "WPFprojekt\WPFprojekt.csproj", "{A0142AEB-1C52-487C-8AFC-9F294F67CC8D}"
EndProject
Global
	GlobalSection(SolutionConfigurationPlatforms) = preSolution
		Debug|Any CPU = Debug|Any CPU
		Release|Any CPU = Release|Any CPU
	EndGlobalSection
	GlobalSection(ProjectConfigurationPlatforms) = postSolution
		{A0142AEB-1C52-487C-8AFC-9F294F67CC8D}.Debug|Any CPU.ActiveCfg = Debug|Any CPU
		{A0142AEB-1C52-487C-8AFC-9F294F67CC8D}.Debug|Any CPU.Build.0 = Debug|Any CPU
		{A0142AEB-1C52-487C-8AFC-9F294F67CC8D}.Release|Any CPU.ActiveCfg = Release|Any CPU
		{A0142AEB-1C52-487C-8AFC-9F294F67CC8D}.Release|Any CPU.Build.0 = Release|Any CPU
	EndGlobalSection
	GlobalSection(SolutionProperties) = preSolution
		HideSolutionNode = FALSE
	EndGlobalSection
	GlobalSection(ExtensibilityGlobals) = postSolution
		SolutionGuid = {661053FE-7AA4-4D75-B03E-6CB5A208A5D9}
	EndGlobalSection
EndGlobal
